
Microsoft Visual Studio Solution File, Format Version 11.00
# Visual Studio 2010
Project("{FAE04EC0-301F-11D3-BF4B-00C04F79EFBC}") = "Assembly-CSharp", "Assembly-CSharp.csproj", "{fbb33e42-a6b2-75c5-087f-4670bb4b41fc}"
EndProject
Project("{FAE04EC0-301F-11D3-BF4B-00C04F79EFBC}") = "Assembly-CSharp-firstpass", "Assembly-CSharp-firstpass.csproj", "{4e987fb3-dcf9-25a9-78ba-4bd3bf5299e1}"
EndProject
Project("{FAE04EC0-301F-11D3-BF4B-00C04F79EFBC}") = "Assembly-CSharp-Editor", "Assembly-CSharp-Editor.csproj", "{42397bc0-c37d-7627-614c-9a606e09b801}"
EndProject
Global
	GlobalSection(SolutionConfigurationPlatforms) = preSolution
		Debug|Any CPU = Debug|Any CPU
		Release|Any CPU = Release|Any CPU
	EndGlobalSection
	GlobalSection(ProjectConfigurationPlatforms) = postSolution
		{fbb33e42-a6b2-75c5-087f-4670bb4b41fc}.Debug|Any CPU.ActiveCfg = Debug|Any CPU
		{fbb33e42-a6b2-75c5-087f-4670bb4b41fc}.Debug|Any CPU.Build.0 = Debug|Any CPU
		{fbb33e42-a6b2-75c5-087f-4670bb4b41fc}.Release|Any CPU.ActiveCfg = Release|Any CPU
		{fbb33e42-a6b2-75c5-087f-4670bb4b41fc}.Release|Any CPU.Build.0 = Release|Any CPU
		{4e987fb3-dcf9-25a9-78ba-4bd3bf5299e1}.Debug|Any CPU.ActiveCfg = Debug|Any CPU
		{4e987fb3-dcf9-25a9-78ba-4bd3bf5299e1}.Debug|Any CPU.Build.0 = Debug|Any CPU
		{4e987fb3-dcf9-25a9-78ba-4bd3bf5299e1}.Release|Any CPU.ActiveCfg = Release|Any CPU
		{4e987fb3-dcf9-25a9-78ba-4bd3bf5299e1}.Release|Any CPU.Build.0 = Release|Any CPU
		{42397bc0-c37d-7627-614c-9a606e09b801}.Debug|Any CPU.ActiveCfg = Debug|Any CPU
		{42397bc0-c37d-7627-614c-9a606e09b801}.Debug|Any CPU.Build.0 = Debug|Any CPU
		{42397bc0-c37d-7627-614c-9a606e09b801}.Release|Any CPU.ActiveCfg = Release|Any CPU
		{42397bc0-c37d-7627-614c-9a606e09b801}.Release|Any CPU.Build.0 = Release|Any CPU
	EndGlobalSection
	GlobalSection(SolutionProperties) = preSolution
		HideSolutionNode = FALSE
	EndGlobalSection
EndGlobal
